{
  "name": "mdtable-pretty-printer",
  "version": "1.0.0",
  "lockfileVersion": 2,
  "requires": true,
  "packages": {
    "": {
      "name": "mdtable-pretty-printer",
      "version": "1.0.0",
      "license": "MIT",
      "dependencies": {
        "md_table_prettyprint": "^1.0.2"
      },
      "engines": {
        "inkdrop": ">=5.6.0 <7.0.0"
      }
    },
    "node_modules/md_table_prettyprint": {
      "version": "1.0.3",
      "resolved": "https://registry.npmjs.org/md_table_prettyprint/-/md_table_prettyprint-1.0.3.tgz",
      "integrity": "sha512-utD4N1h2ofPOJ00Nr3EANkZ+Dre4f1BTqY50Q+6pkoxiFUj74BoGArILWao1MxzrTfkg4syIdjQsaE8jpkRQXg=="
    }
  },
  "dependencies": {
    "md_table_prettyprint": {
      "version": "1.0.3",
      "resolved": "https://registry.npmjs.org/md_table_prettyprint/-/md_table_prettyprint-1.0.3.tgz",
      "integrity": "sha512-utD4N1h2ofPOJ00Nr3EANkZ+Dre4f1BTqY50Q+6pkoxiFUj74BoGArILWao1MxzrTfkg4syIdjQsaE8jpkRQXg=="
    }
  }
}
